
Microsoft Visual Studio Solution File, Format Version 12.00
# Visual Studio 15
VisualStudioVersion = 15.0.27130.2036
MinimumVisualStudioVersion = 10.0.40219.1
Project("{9A19103F-16F7-4668-BE54-9A1E7A4F7556}") = "CloudDrive.Core", "CloudDrive.Core\CloudDrive.Core.csproj", "{DC0D7EE1-E5E9-4EC8-84BD-CE5C7C797C60}"
EndProject
Project("{FAE04EC0-301F-11D3-BF4B-00C04F79EFBC}") = "CloudDrive.ConsoleApp", "CloudDrive.ConsoleApp\CloudDrive.ConsoleApp.csproj", "{AD179DB2-0A0C-4E47-9F85-DB8B19B9299F}"
EndProject
Project("{2150E333-8FDC-42A3-9474-1A3956D46DE8}") = "Core", "Core", "{BF5C8A65-46E0-49A4-BC08-F277D0E31013}"
EndProject
Project("{2150E333-8FDC-42A3-9474-1A3956D46DE8}") = "Storages", "Storages", "{B18C6164-7BBE-45F1-B2C5-58EA77AAA75A}"
EndProject
Project("{9A19103F-16F7-4668-BE54-9A1E7A4F7556}") = "CloudDrive.Domain", "CloudDrive.Domain\CloudDrive.Domain.csproj", "{4443DA62-8209-43FE-A146-8EA36B2B17DA}"
EndProject
Project("{2150E333-8FDC-42A3-9474-1A3956D46DE8}") = "_Solution Items", "_Solution Items", "{D0406A19-EFC2-4AB2-82E6-5E4C202A095E}"
	ProjectSection(SolutionItems) = preProject
		..\README.md = ..\README.md
		Settings.CloudDrive.json = Settings.CloudDrive.json
	EndProjectSection
EndProject
Project("{9A19103F-16F7-4668-BE54-9A1E7A4F7556}") = "CloudDrive.Storage.AmazonS3", "CloudDrive.Storage.AmazonS3\CloudDrive.Storage.AmazonS3.csproj", "{8BEE7A87-19EC-42D3-9B7A-815E7C7CB7C3}"
EndProject
Project("{9A19103F-16F7-4668-BE54-9A1E7A4F7556}") = "CloudDrive.Storage.AzureBlob", "CloudDrive.Storage.AzureBlob\CloudDrive.Storage.AzureBlob.csproj", "{F0B1D99A-1DB9-49E5-A0E8-03E4F57FB86F}"
EndProject
Project("{FAE04EC0-301F-11D3-BF4B-00C04F79EFBC}") = "CloudDrive.Test", "CloudDrive.Test\CloudDrive.Test.csproj", "{45B03378-CC1D-4310-B9AD-3FB08EACCC54}"
EndProject
Project("{2150E333-8FDC-42A3-9474-1A3956D46DE8}") = "Common", "Common", "{1C5F4763-A93A-48F8-B164-8E9E912E0BED}"
EndProject
Project("{2150E333-8FDC-42A3-9474-1A3956D46DE8}") = "FileSystems", "FileSystems", "{4BD55BE6-9A47-4D6B-90BB-DB1C266A9D4B}"
EndProject
Project("{9A19103F-16F7-4668-BE54-9A1E7A4F7556}") = "CloudDrive.FileSystem.Windows", "CloudDrive.FileSystem.Windows\CloudDrive.FileSystem.Windows.csproj", "{C6AA4E08-532A-44C9-AE65-94377F82D88B}"
EndProject
Project("{9A19103F-16F7-4668-BE54-9A1E7A4F7556}") = "CloudDrive.FileSystem.IOS", "CloudDrive.FileSystem.IOS\CloudDrive.FileSystem.IOS.csproj", "{F4814147-FFCF-4F82-B61D-D3F3A04D28E4}"
EndProject
Project("{2150E333-8FDC-42A3-9474-1A3956D46DE8}") = "Client", "Client", "{32FE6E04-2E01-4EAA-AEF3-799E4257281A}"
EndProject
Project("{9A19103F-16F7-4668-BE54-9A1E7A4F7556}") = "CloudDrive.ElectronApp", "CloudDrive.ElectronApp\CloudDrive.ElectronApp.csproj", "{7283A16D-E86B-409E-AE89-935DF8145F17}"
EndProject
Project("{9A19103F-16F7-4668-BE54-9A1E7A4F7556}") = "CloudDrive.Storage.GoogleCloudStorage", "CloudDrive.Storage.GoogleCloudStorage\CloudDrive.Storage.GoogleCloudStorage.csproj", "{2108984A-3070-4BB2-A756-BCD37BACC360}"
EndProject
Project("{FAE04EC0-301F-11D3-BF4B-00C04F79EFBC}") = "CloudDrive.Common", "CloudDrive.Common\CloudDrive.Common.csproj", "{97E5CB99-0959-46E3-9BEF-051D9722FA2F}"
EndProject
Global
	GlobalSection(SolutionConfigurationPlatforms) = preSolution
		Debug|Any CPU = Debug|Any CPU
		Release|Any CPU = Release|Any CPU
	EndGlobalSection
	GlobalSection(ProjectConfigurationPlatforms) = postSolution
		{DC0D7EE1-E5E9-4EC8-84BD-CE5C7C797C60}.Debug|Any CPU.ActiveCfg = Debug|Any CPU
		{DC0D7EE1-E5E9-4EC8-84BD-CE5C7C797C60}.Debug|Any CPU.Build.0 = Debug|Any CPU
		{DC0D7EE1-E5E9-4EC8-84BD-CE5C7C797C60}.Release|Any CPU.ActiveCfg = Release|Any CPU
		{DC0D7EE1-E5E9-4EC8-84BD-CE5C7C797C60}.Release|Any CPU.Build.0 = Release|Any CPU
		{AD179DB2-0A0C-4E47-9F85-DB8B19B9299F}.Debug|Any CPU.ActiveCfg = Debug|Any CPU
		{AD179DB2-0A0C-4E47-9F85-DB8B19B9299F}.Debug|Any CPU.Build.0 = Debug|Any CPU
		{AD179DB2-0A0C-4E47-9F85-DB8B19B9299F}.Release|Any CPU.ActiveCfg = Release|Any CPU
		{AD179DB2-0A0C-4E47-9F85-DB8B19B9299F}.Release|Any CPU.Build.0 = Release|Any CPU
		{4443DA62-8209-43FE-A146-8EA36B2B17DA}.Debug|Any CPU.ActiveCfg = Debug|Any CPU
		{4443DA62-8209-43FE-A146-8EA36B2B17DA}.Debug|Any CPU.Build.0 = Debug|Any CPU
		{4443DA62-8209-43FE-A146-8EA36B2B17DA}.Release|Any CPU.ActiveCfg = Release|Any CPU
		{4443DA62-8209-43FE-A146-8EA36B2B17DA}.Release|Any CPU.Build.0 = Release|Any CPU
		{8BEE7A87-19EC-42D3-9B7A-815E7C7CB7C3}.Debug|Any CPU.ActiveCfg = Debug|Any CPU
		{8BEE7A87-19EC-42D3-9B7A-815E7C7CB7C3}.Debug|Any CPU.Build.0 = Debug|Any CPU
		{8BEE7A87-19EC-42D3-9B7A-815E7C7CB7C3}.Release|Any CPU.ActiveCfg = Release|Any CPU
		{8BEE7A87-19EC-42D3-9B7A-815E7C7CB7C3}.Release|Any CPU.Build.0 = Release|Any CPU
		{F0B1D99A-1DB9-49E5-A0E8-03E4F57FB86F}.Debug|Any CPU.ActiveCfg = Debug|Any CPU
		{F0B1D99A-1DB9-49E5-A0E8-03E4F57FB86F}.Debug|Any CPU.Build.0 = Debug|Any CPU
		{F0B1D99A-1DB9-49E5-A0E8-03E4F57FB86F}.Release|Any CPU.ActiveCfg = Release|Any CPU
		{F0B1D99A-1DB9-49E5-A0E8-03E4F57FB86F}.Release|Any CPU.Build.0 = Release|Any CPU
		{45B03378-CC1D-4310-B9AD-3FB08EACCC54}.Debug|Any CPU.ActiveCfg = Debug|Any CPU
		{45B03378-CC1D-4310-B9AD-3FB08EACCC54}.Debug|Any CPU.Build.0 = Debug|Any CPU
		{45B03378-CC1D-4310-B9AD-3FB08EACCC54}.Release|Any CPU.ActiveCfg = Release|Any CPU
		{45B03378-CC1D-4310-B9AD-3FB08EACCC54}.Release|Any CPU.Build.0 = Release|Any CPU
		{C6AA4E08-532A-44C9-AE65-94377F82D88B}.Debug|Any CPU.ActiveCfg = Debug|Any CPU
		{C6AA4E08-532A-44C9-AE65-94377F82D88B}.Debug|Any CPU.Build.0 = Debug|Any CPU
		{C6AA4E08-532A-44C9-AE65-94377F82D88B}.Release|Any CPU.ActiveCfg = Release|Any CPU
		{C6AA4E08-532A-44C9-AE65-94377F82D88B}.Release|Any CPU.Build.0 = Release|Any CPU
		{F4814147-FFCF-4F82-B61D-D3F3A04D28E4}.Debug|Any CPU.ActiveCfg = Debug|Any CPU
		{F4814147-FFCF-4F82-B61D-D3F3A04D28E4}.Debug|Any CPU.Build.0 = Debug|Any CPU
		{F4814147-FFCF-4F82-B61D-D3F3A04D28E4}.Release|Any CPU.ActiveCfg = Release|Any CPU
		{F4814147-FFCF-4F82-B61D-D3F3A04D28E4}.Release|Any CPU.Build.0 = Release|Any CPU
		{7283A16D-E86B-409E-AE89-935DF8145F17}.Debug|Any CPU.ActiveCfg = Debug|Any CPU
		{7283A16D-E86B-409E-AE89-935DF8145F17}.Debug|Any CPU.Build.0 = Debug|Any CPU
		{7283A16D-E86B-409E-AE89-935DF8145F17}.Release|Any CPU.ActiveCfg = Release|Any CPU
		{7283A16D-E86B-409E-AE89-935DF8145F17}.Release|Any CPU.Build.0 = Release|Any CPU
		{2108984A-3070-4BB2-A756-BCD37BACC360}.Debug|Any CPU.ActiveCfg = Debug|Any CPU
		{2108984A-3070-4BB2-A756-BCD37BACC360}.Debug|Any CPU.Build.0 = Debug|Any CPU
		{2108984A-3070-4BB2-A756-BCD37BACC360}.Release|Any CPU.ActiveCfg = Release|Any CPU
		{2108984A-3070-4BB2-A756-BCD37BACC360}.Release|Any CPU.Build.0 = Release|Any CPU
		{97E5CB99-0959-46E3-9BEF-051D9722FA2F}.Debug|Any CPU.ActiveCfg = Debug|Any CPU
		{97E5CB99-0959-46E3-9BEF-051D9722FA2F}.Debug|Any CPU.Build.0 = Debug|Any CPU
		{97E5CB99-0959-46E3-9BEF-051D9722FA2F}.Release|Any CPU.ActiveCfg = Release|Any CPU
		{97E5CB99-0959-46E3-9BEF-051D9722FA2F}.Release|Any CPU.Build.0 = Release|Any CPU
	EndGlobalSection
	GlobalSection(SolutionProperties) = preSolution
		HideSolutionNode = FALSE
	EndGlobalSection
	GlobalSection(NestedProjects) = preSolution
		{DC0D7EE1-E5E9-4EC8-84BD-CE5C7C797C60} = {BF5C8A65-46E0-49A4-BC08-F277D0E31013}
		{AD179DB2-0A0C-4E47-9F85-DB8B19B9299F} = {32FE6E04-2E01-4EAA-AEF3-799E4257281A}
		{B18C6164-7BBE-45F1-B2C5-58EA77AAA75A} = {1C5F4763-A93A-48F8-B164-8E9E912E0BED}
		{4443DA62-8209-43FE-A146-8EA36B2B17DA} = {1C5F4763-A93A-48F8-B164-8E9E912E0BED}
		{8BEE7A87-19EC-42D3-9B7A-815E7C7CB7C3} = {B18C6164-7BBE-45F1-B2C5-58EA77AAA75A}
		{F0B1D99A-1DB9-49E5-A0E8-03E4F57FB86F} = {B18C6164-7BBE-45F1-B2C5-58EA77AAA75A}
		{45B03378-CC1D-4310-B9AD-3FB08EACCC54} = {BF5C8A65-46E0-49A4-BC08-F277D0E31013}
		{4BD55BE6-9A47-4D6B-90BB-DB1C266A9D4B} = {1C5F4763-A93A-48F8-B164-8E9E912E0BED}
		{C6AA4E08-532A-44C9-AE65-94377F82D88B} = {4BD55BE6-9A47-4D6B-90BB-DB1C266A9D4B}
		{F4814147-FFCF-4F82-B61D-D3F3A04D28E4} = {4BD55BE6-9A47-4D6B-90BB-DB1C266A9D4B}
		{7283A16D-E86B-409E-AE89-935DF8145F17} = {32FE6E04-2E01-4EAA-AEF3-799E4257281A}
		{2108984A-3070-4BB2-A756-BCD37BACC360} = {B18C6164-7BBE-45F1-B2C5-58EA77AAA75A}
		{97E5CB99-0959-46E3-9BEF-051D9722FA2F} = {1C5F4763-A93A-48F8-B164-8E9E912E0BED}
	EndGlobalSection
	GlobalSection(ExtensibilityGlobals) = postSolution
		SolutionGuid = {11FAA2A7-7B84-455D-B0A3-2E048C71B487}
	EndGlobalSection
EndGlobal
